
Microsoft Visual Studio Solution File, Format Version 12.00
# Visual Studio Version 17
VisualStudioVersion = 17.1.32210.238
MinimumVisualStudioVersion = 10.0.40219.1
Project("{9A19103F-16F7-4668-BE54-9A1E7A4F7556}") = "SotV-patcher", "SotV-patcher.csproj", "{689821EC-2D83-4439-88A0-BFBF2C34F0E0}"
EndProject
Project("{FAE04EC0-301F-11D3-BF4B-00C04F79EFBC}") = "TestPlugin", "..\TestPlugin\TestPlugin.csproj", "{2A5D4D11-D781-475B-90C1-35865D77E98D}"
EndProject
Global
	GlobalSection(SolutionConfigurationPlatforms) = preSolution
		Debug|Any CPU = Debug|Any CPU
		Release|Any CPU = Release|Any CPU
	EndGlobalSection
	GlobalSection(ProjectConfigurationPlatforms) = postSolution
		{689821EC-2D83-4439-88A0-BFBF2C34F0E0}.Debug|Any CPU.ActiveCfg = Debug|Any CPU
		{689821EC-2D83-4439-88A0-BFBF2C34F0E0}.Debug|Any CPU.Build.0 = Debug|Any CPU
		{689821EC-2D83-4439-88A0-BFBF2C34F0E0}.Release|Any CPU.ActiveCfg = Release|Any CPU
		{689821EC-2D83-4439-88A0-BFBF2C34F0E0}.Release|Any CPU.Build.0 = Release|Any CPU
		{2A5D4D11-D781-475B-90C1-35865D77E98D}.Debug|Any CPU.ActiveCfg = Debug|Any CPU
		{2A5D4D11-D781-475B-90C1-35865D77E98D}.Debug|Any CPU.Build.0 = Debug|Any CPU
		{2A5D4D11-D781-475B-90C1-35865D77E98D}.Release|Any CPU.ActiveCfg = Release|Any CPU
		{2A5D4D11-D781-475B-90C1-35865D77E98D}.Release|Any CPU.Build.0 = Release|Any CPU
	EndGlobalSection
	GlobalSection(SolutionProperties) = preSolution
		HideSolutionNode = FALSE
	EndGlobalSection
	GlobalSection(ExtensibilityGlobals) = postSolution
		SolutionGuid = {29D5BA80-5C8A-4FD9-9523-BA24D7D3F57C}
	EndGlobalSection
EndGlobal
